
Microsoft Visual Studio Solution File, Format Version 12.00
# Visual Studio 2012
Project("{2150E333-8FDC-42A3-9474-1A3956D46DE8}") = "01.Tree", "01.Tree", "{B62B9BF4-12B6-42BF-93EF-1961671E0DF9}"
EndProject
Project("{FAE04EC0-301F-11D3-BF4B-00C04F79EFBC}") = "Tree.Common", "Tree.Common\Tree.Common.csproj", "{503CDE89-D784-4DF0-8E2E-3C5EE0F0AE68}"
EndProject
Project("{FAE04EC0-301F-11D3-BF4B-00C04F79EFBC}") = "Tree.Demo", "Tree.Demo\Tree.Demo.csproj", "{1CD165CD-6DF7-4C68-9526-B6868147777A}"
EndProject
Project("{2150E333-8FDC-42A3-9474-1A3956D46DE8}") = "02.WindowsFolder", "02.WindowsFolder", "{C85F3822-BF15-4124-ADAE-5D0B087351F0}"
EndProject
Project("{FAE04EC0-301F-11D3-BF4B-00C04F79EFBC}") = "WindowsFolder.Demo", "WindowsFolder.Demo\WindowsFolder.Demo.csproj", "{36A6EE44-1297-4D3C-BB97-E579469A3A30}"
EndProject
Project("{FAE04EC0-301F-11D3-BF4B-00C04F79EFBC}") = "WindowsFolder.Tree", "WindowsFOlder.Tree\WindowsFolder.Tree.csproj", "{E4CA966F-6092-496A-9E09-E7981211789B}"
EndProject
Global
	GlobalSection(SolutionConfigurationPlatforms) = preSolution
		Debug|Any CPU = Debug|Any CPU
		Release|Any CPU = Release|Any CPU
	EndGlobalSection
	GlobalSection(ProjectConfigurationPlatforms) = postSolution
		{503CDE89-D784-4DF0-8E2E-3C5EE0F0AE68}.Debug|Any CPU.ActiveCfg = Debug|Any CPU
		{503CDE89-D784-4DF0-8E2E-3C5EE0F0AE68}.Debug|Any CPU.Build.0 = Debug|Any CPU
		{503CDE89-D784-4DF0-8E2E-3C5EE0F0AE68}.Release|Any CPU.ActiveCfg = Release|Any CPU
		{503CDE89-D784-4DF0-8E2E-3C5EE0F0AE68}.Release|Any CPU.Build.0 = Release|Any CPU
		{1CD165CD-6DF7-4C68-9526-B6868147777A}.Debug|Any CPU.ActiveCfg = Debug|Any CPU
		{1CD165CD-6DF7-4C68-9526-B6868147777A}.Debug|Any CPU.Build.0 = Debug|Any CPU
		{1CD165CD-6DF7-4C68-9526-B6868147777A}.Release|Any CPU.ActiveCfg = Release|Any CPU
		{1CD165CD-6DF7-4C68-9526-B6868147777A}.Release|Any CPU.Build.0 = Release|Any CPU
		{36A6EE44-1297-4D3C-BB97-E579469A3A30}.Debug|Any CPU.ActiveCfg = Debug|Any CPU
		{36A6EE44-1297-4D3C-BB97-E579469A3A30}.Debug|Any CPU.Build.0 = Debug|Any CPU
		{36A6EE44-1297-4D3C-BB97-E579469A3A30}.Release|Any CPU.ActiveCfg = Release|Any CPU
		{36A6EE44-1297-4D3C-BB97-E579469A3A30}.Release|Any CPU.Build.0 = Release|Any CPU
		{E4CA966F-6092-496A-9E09-E7981211789B}.Debug|Any CPU.ActiveCfg = Debug|Any CPU
		{E4CA966F-6092-496A-9E09-E7981211789B}.Debug|Any CPU.Build.0 = Debug|Any CPU
		{E4CA966F-6092-496A-9E09-E7981211789B}.Release|Any CPU.ActiveCfg = Release|Any CPU
		{E4CA966F-6092-496A-9E09-E7981211789B}.Release|Any CPU.Build.0 = Release|Any CPU
	EndGlobalSection
	GlobalSection(SolutionProperties) = preSolution
		HideSolutionNode = FALSE
	EndGlobalSection
	GlobalSection(NestedProjects) = preSolution
		{503CDE89-D784-4DF0-8E2E-3C5EE0F0AE68} = {B62B9BF4-12B6-42BF-93EF-1961671E0DF9}
		{1CD165CD-6DF7-4C68-9526-B6868147777A} = {B62B9BF4-12B6-42BF-93EF-1961671E0DF9}
		{36A6EE44-1297-4D3C-BB97-E579469A3A30} = {C85F3822-BF15-4124-ADAE-5D0B087351F0}
		{E4CA966F-6092-496A-9E09-E7981211789B} = {C85F3822-BF15-4124-ADAE-5D0B087351F0}
	EndGlobalSection
EndGlobal
