
Microsoft Visual Studio Solution File, Format Version 12.00
# Visual Studio 2012
Project("{2150E333-8FDC-42A3-9474-1A3956D46DE8}") = "01.SumAverage", "01.SumAverage", "{0F8A2354-C759-49FF-A09C-16129E75E549}"
EndProject
Project("{FAE04EC0-301F-11D3-BF4B-00C04F79EFBC}") = "SumAverage", "SumAverage\SumAverage.csproj", "{A5130CFD-DA30-4685-8A17-652F5374894C}"
EndProject
Project("{FAE04EC0-301F-11D3-BF4B-00C04F79EFBC}") = "ReverseNumsStack", "ReverseNumsStack\ReverseNumsStack.csproj", "{8626FCD1-B6A0-4506-A534-1E2986A0FCCD}"
EndProject
Project("{2150E333-8FDC-42A3-9474-1A3956D46DE8}") = "02.ReverseNumsStack", "02.ReverseNumsStack", "{9AC2D2A2-D6AF-4E73-8C8C-824A5CB2405D}"
EndProject
Project("{2150E333-8FDC-42A3-9474-1A3956D46DE8}") = "03.SortNumbers", "03.SortNumbers", "{92857EF4-FF00-492A-9669-F91A712C9782}"
EndProject
Project("{FAE04EC0-301F-11D3-BF4B-00C04F79EFBC}") = "SortNumbers", "SortNumbers\SortNumbers.csproj", "{033D12FD-9C60-47AD-BA27-58C144EE73C6}"
EndProject
Project("{2150E333-8FDC-42A3-9474-1A3956D46DE8}") = "04.EqualSubsequence", "04.EqualSubsequence", "{B7B1BB0E-A506-4B3E-BD8E-DC39C7152569}"
EndProject
Project("{FAE04EC0-301F-11D3-BF4B-00C04F79EFBC}") = "EqualSubsequence", "EqualSubsequence\EqualSubsequence.csproj", "{6E7AEB81-1FEB-419B-B90F-DF956C129EDA}"
EndProject
Project("{2150E333-8FDC-42A3-9474-1A3956D46DE8}") = "05.ListRemoveNegative", "05.ListRemoveNegative", "{9BCCA13B-7202-46A1-9972-F5CC0FD4EC04}"
EndProject
Project("{FAE04EC0-301F-11D3-BF4B-00C04F79EFBC}") = "ListRemoveNegative", "ListRemoveNegative\ListRemoveNegative.csproj", "{6645C32B-28B2-419D-9A6E-0837CABD156C}"
EndProject
Project("{2150E333-8FDC-42A3-9474-1A3956D46DE8}") = "06.ListRemoveOdd", "06.ListRemoveOdd", "{979DE7E0-5CEE-41CA-8776-BE919C937705}"
EndProject
Project("{FAE04EC0-301F-11D3-BF4B-00C04F79EFBC}") = "ListRemoveOdd", "ListRemoveOdd\ListRemoveOdd.csproj", "{038ABB87-B29F-4712-934C-A341AF49713A}"
EndProject
Project("{2150E333-8FDC-42A3-9474-1A3956D46DE8}") = "07.NumbersOccuring", "07.NumbersOccuring", "{39C765E5-0D5F-47F9-9B03-5F606140861F}"
EndProject
Project("{FAE04EC0-301F-11D3-BF4B-00C04F79EFBC}") = "NumbersOccuring", "NumbersOccuring\NumbersOccuring.csproj", "{3C204386-16DF-4828-8667-AA8CE35029D0}"
EndProject
Project("{2150E333-8FDC-42A3-9474-1A3956D46DE8}") = "09.PatternSeuqence", "09.PatternSeuqence", "{09E06FAB-7666-4166-851D-0F0DAF1B0F46}"
EndProject
Project("{FAE04EC0-301F-11D3-BF4B-00C04F79EFBC}") = "PatternSeuqence", "PatternSeuqence\PatternSeuqence.csproj", "{17A64B94-36A8-4941-8C82-64180301D423}"
EndProject
Project("{FAE04EC0-301F-11D3-BF4B-00C04F79EFBC}") = "PatternSequence.Test", "PatternSequence.Test\PatternSequence.Test.csproj", "{973851FF-CC16-42DB-9085-8854C01ED683}"
EndProject
Project("{2150E333-8FDC-42A3-9474-1A3956D46DE8}") = "11.LinkedList", "11.LinkedList", "{105ED36F-26B6-469E-B57B-4182EF0E010F}"
EndProject
Project("{FAE04EC0-301F-11D3-BF4B-00C04F79EFBC}") = "LinkedList", "LinkedList\LinkedList.csproj", "{0DBBC63B-1DE8-4907-A01B-983382D6AC9A}"
EndProject
Project("{FAE04EC0-301F-11D3-BF4B-00C04F79EFBC}") = "LinkedList.Demo", "LinkedList.Demo\LinkedList.Demo.csproj", "{676A6840-35B7-4764-845F-5752F6D51C87}"
EndProject
Project("{2150E333-8FDC-42A3-9474-1A3956D46DE8}") = "12.Stack", "12.Stack", "{5491F7A1-A2F8-4E3E-BF03-999AFE40FEB4}"
EndProject
Project("{FAE04EC0-301F-11D3-BF4B-00C04F79EFBC}") = "SimpleStack", "SimpleStack\SimpleStack.csproj", "{D5433B2E-94D9-460D-9319-1AF768D5A606}"
EndProject
Project("{FAE04EC0-301F-11D3-BF4B-00C04F79EFBC}") = "SimpleStack.Demo", "SimpleStack.Demo\SimpleStack.Demo.csproj", "{6334FC25-B965-4156-8983-93C4EC1D0E67}"
EndProject
Project("{2150E333-8FDC-42A3-9474-1A3956D46DE8}") = "13.Queue", "13.Queue", "{7DC76D60-AB30-46F6-8086-2ACF06C34B8F}"
EndProject
Global
	GlobalSection(SolutionConfigurationPlatforms) = preSolution
		Debug|Any CPU = Debug|Any CPU
		Release|Any CPU = Release|Any CPU
	EndGlobalSection
	GlobalSection(ProjectConfigurationPlatforms) = postSolution
		{A5130CFD-DA30-4685-8A17-652F5374894C}.Debug|Any CPU.ActiveCfg = Debug|Any CPU
		{A5130CFD-DA30-4685-8A17-652F5374894C}.Debug|Any CPU.Build.0 = Debug|Any CPU
		{A5130CFD-DA30-4685-8A17-652F5374894C}.Release|Any CPU.ActiveCfg = Release|Any CPU
		{A5130CFD-DA30-4685-8A17-652F5374894C}.Release|Any CPU.Build.0 = Release|Any CPU
		{8626FCD1-B6A0-4506-A534-1E2986A0FCCD}.Debug|Any CPU.ActiveCfg = Debug|Any CPU
		{8626FCD1-B6A0-4506-A534-1E2986A0FCCD}.Debug|Any CPU.Build.0 = Debug|Any CPU
		{8626FCD1-B6A0-4506-A534-1E2986A0FCCD}.Release|Any CPU.ActiveCfg = Release|Any CPU
		{8626FCD1-B6A0-4506-A534-1E2986A0FCCD}.Release|Any CPU.Build.0 = Release|Any CPU
		{033D12FD-9C60-47AD-BA27-58C144EE73C6}.Debug|Any CPU.ActiveCfg = Debug|Any CPU
		{033D12FD-9C60-47AD-BA27-58C144EE73C6}.Debug|Any CPU.Build.0 = Debug|Any CPU
		{033D12FD-9C60-47AD-BA27-58C144EE73C6}.Release|Any CPU.ActiveCfg = Release|Any CPU
		{033D12FD-9C60-47AD-BA27-58C144EE73C6}.Release|Any CPU.Build.0 = Release|Any CPU
		{6E7AEB81-1FEB-419B-B90F-DF956C129EDA}.Debug|Any CPU.ActiveCfg = Debug|Any CPU
		{6E7AEB81-1FEB-419B-B90F-DF956C129EDA}.Debug|Any CPU.Build.0 = Debug|Any CPU
		{6E7AEB81-1FEB-419B-B90F-DF956C129EDA}.Release|Any CPU.ActiveCfg = Release|Any CPU
		{6E7AEB81-1FEB-419B-B90F-DF956C129EDA}.Release|Any CPU.Build.0 = Release|Any CPU
		{6645C32B-28B2-419D-9A6E-0837CABD156C}.Debug|Any CPU.ActiveCfg = Debug|Any CPU
		{6645C32B-28B2-419D-9A6E-0837CABD156C}.Debug|Any CPU.Build.0 = Debug|Any CPU
		{6645C32B-28B2-419D-9A6E-0837CABD156C}.Release|Any CPU.ActiveCfg = Release|Any CPU
		{6645C32B-28B2-419D-9A6E-0837CABD156C}.Release|Any CPU.Build.0 = Release|Any CPU
		{038ABB87-B29F-4712-934C-A341AF49713A}.Debug|Any CPU.ActiveCfg = Debug|Any CPU
		{038ABB87-B29F-4712-934C-A341AF49713A}.Debug|Any CPU.Build.0 = Debug|Any CPU
		{038ABB87-B29F-4712-934C-A341AF49713A}.Release|Any CPU.ActiveCfg = Release|Any CPU
		{038ABB87-B29F-4712-934C-A341AF49713A}.Release|Any CPU.Build.0 = Release|Any CPU
		{3C204386-16DF-4828-8667-AA8CE35029D0}.Debug|Any CPU.ActiveCfg = Debug|Any CPU
		{3C204386-16DF-4828-8667-AA8CE35029D0}.Debug|Any CPU.Build.0 = Debug|Any CPU
		{3C204386-16DF-4828-8667-AA8CE35029D0}.Release|Any CPU.ActiveCfg = Release|Any CPU
		{3C204386-16DF-4828-8667-AA8CE35029D0}.Release|Any CPU.Build.0 = Release|Any CPU
		{17A64B94-36A8-4941-8C82-64180301D423}.Debug|Any CPU.ActiveCfg = Debug|Any CPU
		{17A64B94-36A8-4941-8C82-64180301D423}.Debug|Any CPU.Build.0 = Debug|Any CPU
		{17A64B94-36A8-4941-8C82-64180301D423}.Release|Any CPU.ActiveCfg = Release|Any CPU
		{17A64B94-36A8-4941-8C82-64180301D423}.Release|Any CPU.Build.0 = Release|Any CPU
		{973851FF-CC16-42DB-9085-8854C01ED683}.Debug|Any CPU.ActiveCfg = Debug|Any CPU
		{973851FF-CC16-42DB-9085-8854C01ED683}.Debug|Any CPU.Build.0 = Debug|Any CPU
		{973851FF-CC16-42DB-9085-8854C01ED683}.Release|Any CPU.ActiveCfg = Release|Any CPU
		{973851FF-CC16-42DB-9085-8854C01ED683}.Release|Any CPU.Build.0 = Release|Any CPU
		{0DBBC63B-1DE8-4907-A01B-983382D6AC9A}.Debug|Any CPU.ActiveCfg = Debug|Any CPU
		{0DBBC63B-1DE8-4907-A01B-983382D6AC9A}.Debug|Any CPU.Build.0 = Debug|Any CPU
		{0DBBC63B-1DE8-4907-A01B-983382D6AC9A}.Release|Any CPU.ActiveCfg = Release|Any CPU
		{0DBBC63B-1DE8-4907-A01B-983382D6AC9A}.Release|Any CPU.Build.0 = Release|Any CPU
		{676A6840-35B7-4764-845F-5752F6D51C87}.Debug|Any CPU.ActiveCfg = Debug|Any CPU
		{676A6840-35B7-4764-845F-5752F6D51C87}.Debug|Any CPU.Build.0 = Debug|Any CPU
		{676A6840-35B7-4764-845F-5752F6D51C87}.Release|Any CPU.ActiveCfg = Release|Any CPU
		{676A6840-35B7-4764-845F-5752F6D51C87}.Release|Any CPU.Build.0 = Release|Any CPU
		{D5433B2E-94D9-460D-9319-1AF768D5A606}.Debug|Any CPU.ActiveCfg = Debug|Any CPU
		{D5433B2E-94D9-460D-9319-1AF768D5A606}.Debug|Any CPU.Build.0 = Debug|Any CPU
		{D5433B2E-94D9-460D-9319-1AF768D5A606}.Release|Any CPU.ActiveCfg = Release|Any CPU
		{D5433B2E-94D9-460D-9319-1AF768D5A606}.Release|Any CPU.Build.0 = Release|Any CPU
		{6334FC25-B965-4156-8983-93C4EC1D0E67}.Debug|Any CPU.ActiveCfg = Debug|Any CPU
		{6334FC25-B965-4156-8983-93C4EC1D0E67}.Debug|Any CPU.Build.0 = Debug|Any CPU
		{6334FC25-B965-4156-8983-93C4EC1D0E67}.Release|Any CPU.ActiveCfg = Release|Any CPU
		{6334FC25-B965-4156-8983-93C4EC1D0E67}.Release|Any CPU.Build.0 = Release|Any CPU
	EndGlobalSection
	GlobalSection(SolutionProperties) = preSolution
		HideSolutionNode = FALSE
	EndGlobalSection
	GlobalSection(NestedProjects) = preSolution
		{A5130CFD-DA30-4685-8A17-652F5374894C} = {0F8A2354-C759-49FF-A09C-16129E75E549}
		{8626FCD1-B6A0-4506-A534-1E2986A0FCCD} = {9AC2D2A2-D6AF-4E73-8C8C-824A5CB2405D}
		{033D12FD-9C60-47AD-BA27-58C144EE73C6} = {92857EF4-FF00-492A-9669-F91A712C9782}
		{6E7AEB81-1FEB-419B-B90F-DF956C129EDA} = {B7B1BB0E-A506-4B3E-BD8E-DC39C7152569}
		{6645C32B-28B2-419D-9A6E-0837CABD156C} = {9BCCA13B-7202-46A1-9972-F5CC0FD4EC04}
		{038ABB87-B29F-4712-934C-A341AF49713A} = {979DE7E0-5CEE-41CA-8776-BE919C937705}
		{3C204386-16DF-4828-8667-AA8CE35029D0} = {39C765E5-0D5F-47F9-9B03-5F606140861F}
		{17A64B94-36A8-4941-8C82-64180301D423} = {09E06FAB-7666-4166-851D-0F0DAF1B0F46}
		{973851FF-CC16-42DB-9085-8854C01ED683} = {09E06FAB-7666-4166-851D-0F0DAF1B0F46}
		{0DBBC63B-1DE8-4907-A01B-983382D6AC9A} = {105ED36F-26B6-469E-B57B-4182EF0E010F}
		{676A6840-35B7-4764-845F-5752F6D51C87} = {105ED36F-26B6-469E-B57B-4182EF0E010F}
		{D5433B2E-94D9-460D-9319-1AF768D5A606} = {5491F7A1-A2F8-4E3E-BF03-999AFE40FEB4}
		{6334FC25-B965-4156-8983-93C4EC1D0E67} = {5491F7A1-A2F8-4E3E-BF03-999AFE40FEB4}
	EndGlobalSection
EndGlobal
